
Microsoft Visual Studio Solution File, Format Version 12.00
Project("{FAE04EC0-301F-11D3-BF4B-00C04F79EFBC}") = "TinkersValley", "TinkersValley\TinkersValley.csproj", "{36BEE1EC-F036-49C3-AB43-B6F5F17FE34C}"
EndProject
Global
	GlobalSection(SolutionConfigurationPlatforms) = preSolution
		Debug|Any CPU = Debug|Any CPU
		Release|Any CPU = Release|Any CPU
	EndGlobalSection
	GlobalSection(ProjectConfigurationPlatforms) = postSolution
		{36BEE1EC-F036-49C3-AB43-B6F5F17FE34C}.Debug|Any CPU.ActiveCfg = Debug|Any CPU
		{36BEE1EC-F036-49C3-AB43-B6F5F17FE34C}.Debug|Any CPU.Build.0 = Debug|Any CPU
		{36BEE1EC-F036-49C3-AB43-B6F5F17FE34C}.Release|Any CPU.ActiveCfg = Release|Any CPU
		{36BEE1EC-F036-49C3-AB43-B6F5F17FE34C}.Release|Any CPU.Build.0 = Release|Any CPU
	EndGlobalSection
EndGlobal
